# THIS IS AN AUTOGENERATED FILE. DO NOT EDIT THIS FILE DIRECTLY.
# yarn lockfile v1


"@mapbox/martini@^0.2.0":
  version "0.2.0"
  resolved "https://registry.yarnpkg.com/@mapbox/martini/-/martini-0.2.0.tgz#1af70211fbe994abf26e37f1388ca69c02cd43b4"
  integrity sha512-7hFhtkb0KTLEls+TRw/rWayq5EeHtTaErgm/NskVoXmtgAQu/9D299aeyj6mzAR/6XUnYRp2lU+4IcrYRFjVsQ==

pngjs@^5.0.0:
  version "5.0.0"
  resolved "https://registry.yarnpkg.com/pngjs/-/pngjs-5.0.0.tgz#e79dd2b215767fd9c04561c01236df960bce7fbb"
  integrity sha512-40QW5YalBNfQo5yRYmiw7Yz6TKKVr3h6970B2YE+3fQpsWcrbj1PzJgxeJ19DRQjhMbKPIuMY8rFaXc8moolVw==
